github.com/davecgh/go-spew v1.1.1 h1:vj9j/u1bqnvCEfJOwUhtlOARqs3+rkHYY13jYWTU97c=
github.com/davecgh/go-spew v1.1.1/go.mod h1:J7Y8YcW2NihsgmVo/mv3lAwl/skON4iLHjSsI+c5H38=
github.com/evenyosua18/ego-util v0.0.11 h1:bzJKcLZJ15YR6gioeo0BKzPuOkViJYXdCxhqvJa3sG0=
github.com/evenyosua18/ego-util v0.0.11/go.mod h1:3QLEaaMxQa7bETTCYbZofLG4Gj8691LcoMz5g/oBd5Y=
github.com/evenyosua18/ego-util v0.0.13-rev1 h1:/idNbT88gxa3E4Uge4uBrTmidt8Qla17r9mekpW3UTU=
github.com/evenyosua18/ego-util v0.0.13-rev1/go.mod h1:3QLEaaMxQa7bETTCYbZofLG4Gj8691LcoMz5g/oBd5Y=
github.com/evenyosua18/ego-util v0.0.13 h1:KOPhJ9/k3IlhLv+YIhVPIuaLQOmosHoyYxLwKlOTkNM=
github.com/evenyosua18/ego-util v0.0.13/go.mod h1:3QLEaaMxQa7bETTCYbZofLG4Gj8691LcoMz5g/oBd5Y=
github.com/evenyosua18/ego-util v0.0.14 h1:3p9F6M56IsIT8SeS1K64e/Fwf9YRA27GxF/yw0Ps4iE=
github.com/evenyosua18/ego-util v0.0.14/go.mod h1:3QLEaaMxQa7bETTCYbZofLG4Gj8691LcoMz5g/oBd5Y=
github.com/evenyosua18/ego-util v0.0.15 h1:MDwXFUWjgN3+wQLN1v6pDmVyGieCJZ9mF9rMmUcQ2GM=
github.com/evenyosua18/ego-util v0.0.15/go.mod h1:3QLEaaMxQa7bETTCYbZofLG4Gj8691LcoMz5g/oBd5Y=
github.com/evenyosua18/ego-util/tracing v0.0.0-20230730103832-37f0b1812431 h1:9jlJD175Vh/NlX6dm+gE/AX+leMpzdBYgUKDnud22Eg=
github.com/evenyosua18/ego-util/tracing v0.0.0-20230730103832-37f0b1812431/go.mod h1:D8KB8N2ppFWIwAsozE3IiDbvUPObg1MCe/k4K4igF+w=
github.com/evenyosua18/ego-util/tracing v0.0.0-20231025064213-835d3e02b239 h1:2nv2slFdMtgu0UuRHZpy8aG+b8HEk2a1Lj5wMa6HUYE=
github.com/evenyosua18/ego-util/tracing v0.0.0-20231025064213-835d3e02b239/go.mod h1:D8KB8N2ppFWIwAsozE3IiDbvUPObg1MCe/k4K4igF+w=
github.com/evenyosua18/ego-util/tracing v0.0.0-20231025065356-ffe5de0b054f h1:1ax4zKVczmTxsKCKmRXEkajQwes+p0AJP6LxF/nVrY0=
github.com/evenyosua18/ego-util/tracing v0.0.0-20231025065356-ffe5de0b054f/go.mod h1:D8KB8N2ppFWIwAsozE3IiDbvUPObg1MCe/k4K4igF+w=
github.com/evenyosua18/ego-util/tracing v0.0.0-20231026181518-1e996a7c57cd h1:QkHrPtZDADXgz/svcT2K6x796tQ0DBf1T+MNNvfFgd8=
github.com/evenyosua18/ego-util/tracing v0.0.0-20231026181518-1e996a7c57cd/go.mod h1:D8KB8N2ppFWIwAsozE3IiDbvUPObg1MCe/k4K4igF+w=
github.com/evenyosua18/ego-util/tracing v0.0.0-20231030074612-cc6ce1a7b9e8 h1:VT/a//jArnmmhyPBssqC7oc0pp1pwb5c6teybklQVBM=
github.com/evenyosua18/ego-util/tracing v0.0.0-20231030074612-cc6ce1a7b9e8/go.mod h1:D8KB8N2ppFWIwAsozE3IiDbvUPObg1MCe/k4K4igF+w=
github.com/evenyosua18/ego-util/tracing v0.0.0-20231030172724-f55c374d7b9e h1:456dCZeTC736BmZf0sHWjn4F2+3BTcnS2JEyMMLve/s=
github.com/evenyosua18/ego-util/tracing v0.0.0-20231030172724-f55c374d7b9e/go.mod h1:D8KB8N2ppFWIwAsozE3IiDbvUPObg1MCe/k4K4igF+w=
github.com/evenyosua18/ego-util/tracing/sentry-helper v0.0.0-20230730103832-37f0b1812431 h1:RnpN9gKNmCejeBnDjaxDTmTzIaqrrbTLL4gZW9BD1dE=
github.com/evenyosua18/ego-util/tracing/sentry-helper v0.0.0-20230730103832-37f0b1812431/go.mod h1:MsILgKOnw8Gm16Mi/kaCg1v1PZciWS8EnNPl1CC8k/Y=
github.com/evenyosua18/ego-util/tracing/sentry-helper v0.0.0-20231025064213-835d3e02b239 h1:spA2UQWDCbh1gM4AQ4zEvHoJQlnKQxkLLfbkDsLdIps=
github.com/evenyosua18/ego-util/tracing/sentry-helper v0.0.0-20231025064213-835d3e02b239/go.mod h1:MsILgKOnw8Gm16Mi/kaCg1v1PZciWS8EnNPl1CC8k/Y=
github.com/evenyosua18/ego-util/tracing/sentry-helper v0.0.0-20231025065356-ffe5de0b054f h1:V5f/EyiLgSLzMJ9REsejByy2j5A4YJNk73URsmbpXok=
github.com/evenyosua18/ego-util/tracing/sentry-helper v0.0.0-20231025065356-ffe5de0b054f/go.mod h1:MsILgKOnw8Gm16Mi/kaCg1v1PZciWS8EnNPl1CC8k/Y=
github.com/evenyosua18/ego-util/tracing/sentry-helper v0.0.0-20231026120726-0e1801ba5a33 h1:xv2bbzkWxSryN5zdhiT13Iz9XgllZyeTLSFL959xdlc=
github.com/evenyosua18/ego-util/tracing/sentry-helper v0.0.0-20231026120726-0e1801ba5a33/go.mod h1:MsILgKOnw8Gm16Mi/kaCg1v1PZciWS8EnNPl1CC8k/Y=
github.com/evenyosua18/ego-util/tracing/sentry-helper v0.0.0-20231026172009-fb1dfa01c727 h1:8O8JiSaR8ayKRAWro3jd7+SB8ZIDp7IRml+YkNmkOmA=
github.com/evenyosua18/ego-util/tracing/sentry-helper v0.0.0-20231026172009-fb1dfa01c727/go.mod h1:MsILgKOnw8Gm16Mi/kaCg1v1PZciWS8EnNPl1CC8k/Y=
github.com/evenyosua18/ego-util/tracing/sentry-helper v0.0.0-20231026181518-1e996a7c57cd h1:/ayAKk8uUU0D6qaQSrr7KDyM/BioNn7AMOukieEd3eE=
github.com/evenyosua18/ego-util/tracing/sentry-helper v0.0.0-20231026181518-1e996a7c57cd/go.mod h1:MsILgKOnw8Gm16Mi/kaCg1v1PZciWS8EnNPl1CC8k/Y=
github.com/evenyosua18/ego-util/tracing/sentry-helper v0.0.0-20231030074612-cc6ce1a7b9e8 h1:7TLzn4JUxbOkzjmdmTuJ/rZ+P/Mfp3nAqNf9B+0OdlY=
github.com/evenyosua18/ego-util/tracing/sentry-helper v0.0.0-20231030074612-cc6ce1a7b9e8/go.mod h1:MsILgKOnw8Gm16Mi/kaCg1v1PZciWS8EnNPl1CC8k/Y=
github.com/getsentry/sentry-go v0.22.0 h1:XNX9zKbv7baSEI65l+H1GEJgSeIC1c7EN5kluWaP6dM=
github.com/getsentry/sentry-go v0.22.0/go.mod h1:lc76E2QywIyW8WuBnwl8Lc4bkmQH4+w1gwTf25trprY=
github.com/getsentry/sentry-go v0.25.0 h1:q6Eo+hS+yoJlTO3uu/azhQadsD8V+jQn2D8VvX1eOyI=
github.com/getsentry/sentry-go v0.25.0/go.mod h1:lc76E2QywIyW8WuBnwl8Lc4bkmQH4+w1gwTf25trprY=
github.com/go-errors/errors v1.4.2 h1:J6MZopCL4uSllY1OfXM374weqZFFItUbrImctkmUxIA=
github.com/golang-jwt/jwt/v5 v5.0.0 h1:1n1XNM9hk7O9mnQoNBGolZvzebBQ7p93ULHRc28XJUE=
github.com/golang-jwt/jwt/v5 v5.0.0/go.mod h1:pqrtFR0X4osieyHYxtmOUWsAWrfe1Q5UVIyoH402zdk=
github.com/golang/protobuf v1.5.0/go.mod h1:FsONVRAS9T7sI+LIUmWTfcYkHO4aIWwzhcaSAoJOfIk=
github.com/golang/protobuf v1.5.3 h1:KhyjKVUg7Usr/dYsdSqoFveMYd5ko72D+zANwlG1mmg=
github.com/golang/protobuf v1.5.3/go.mod h1:XVQd3VNwM+JqD3oG2Ue2ip4fOMUkwXdXDdiuN0vRsmY=
github.com/golang/snappy v0.0.1/go.mod h1:/XxbfmMg8lxefKM7IXC3fBNl/7bRcc72aCRzEWrmP2Q=
github.com/golang/snappy v0.0.4 h1:yAGX7huGHXlcLOEtBnF4w7FQwA26wojNCwOYAEhLjQM=
github.com/golang/snappy v0.0.4/go.mod h1:/XxbfmMg8lxefKM7IXC3fBNl/7bRcc72aCRzEWrmP2Q=
github.com/google/go-cmp v0.2.0/go.mod h1:oXzfMopK8JAjlY9xF4vHSVASa0yLyX7SntLO5aqRK0M=
github.com/google/go-cmp v0.5.2/go.mod h1:v8dTdLbMG2kIc/vJvl+f65V22dbkXbowE6jgT/gNBxE=
github.com/google/go-cmp v0.5.5/go.mod h1:v8dTdLbMG2kIc/vJvl+f65V22dbkXbowE6jgT/gNBxE=
github.com/google/go-cmp v0.5.9 h1:O2Tfq5qg4qc4AmwVlvv0oLiVAGB7enBSJ2x2DqQFi38=
github.com/google/subcommands v1.0.1/go.mod h1:ZjhPrFU+Olkh9WazFPsl27BQ4UPiG37m3yTrtFlrHVk=
github.com/google/wire v0.5.0 h1:I7ELFeVBr3yfPIcc8+MWvrjk+3VjbcSzoXm3JVa+jD8=
github.com/google/wire v0.5.0/go.mod h1:ngWDr9Qvq3yZA10YrxfyGELY/AFWGVpy9c1LTRi1EoU=
github.com/joho/godotenv v1.5.1 h1:7eLL/+HRGLY0ldzfGMeQkb7vMd0as4CfYvUVzLqw0N0=
github.com/joho/godotenv v1.5.1/go.mod h1:f4LDr5Voq0i2e/R5DDNOoa2zzDfwtkZa6DnEwAbqwq4=
github.com/klauspost/compress v1.13.6/go.mod h1:/3/Vjq9QcHkK5uEr5lBEmyoZ1iFhe47etQ6QUkpK6sk=
github.com/klauspost/compress v1.16.0 h1:iULayQNOReoYUe+1qtKOqw9CwJv3aNQu8ivo7lw1HU4=
github.com/klauspost/compress v1.16.0/go.mod h1:ntbaceVETuRiXiv4DpjP66DpAtAGkEQskQzEyD//IeE=
github.com/mitchellh/mapstructure v1.5.0 h1:jeMsZIYE/09sWLaz43PL7Gy6RuMjD2eJVyuac5Z2hdY=
github.com/mitchellh/mapstructure v1.5.0/go.mod h1:bFUtVrKA4DC2yAKiSyO/QUcy7e+RRV2QTWOzhPopBRo=
github.com/montanaflynn/stats v0.0.0-20171201202039-1bf9dbcd8cbe h1:iruDEfMl2E6fbMZ9s0scYfZQ84/6SPL6zC8ACM2oIL0=
github.com/montanaflynn/stats v0.0.0-20171201202039-1bf9dbcd8cbe/go.mod h1:wL8QJuTMNUDYhXwkmfOly8iTdp5TEcJFWZD2D7SIkUc=
github.com/patrickmn/go-cache v2.1.0+incompatible h1:HRMgzkcYKYpi3C8ajMPV8OFXaaRUnok+kx1WdO15EQc=
github.com/patrickmn/go-cache v2.1.0+incompatible/go.mod h1:3Qf8kWWT7OJRJbdiICTKqZju1ZixQ/KpMGzzAfe6+WQ=
github.com/pingcap/errors v0.11.4 h1:lFuQV/oaUMGcD2tqt+01ROSmJs75VG1ToEOkZIZ4nE4=
github.com/pkg/errors v0.9.1 h1:FEBLx1zS214owpjy7qsBeixbURkuhQAwrK5UwLGTwt4=
github.com/pmezard/go-difflib v1.0.0 h1:4DBwDE0NGyQoBHbLQYPwSUPoCMWR5BEzIk/f1lZbAQM=
github.com/pmezard/go-difflib v1.0.0/go.mod h1:iKH77koFhYxTK1pcRnkKkqfTogsbg7gZNVY4sRDYZ/4=
github.com/stretchr/testify v1.8.2 h1:+h33VjcLVPDHtOdpUCuF+7gSuG3yGIftsP1YvFihtJ8=
github.com/xdg-go/pbkdf2 v1.0.0 h1:Su7DPu48wXMwC3bs7MCNG+z4FhcyEuz5dlvchbq0B0c=
github.com/xdg-go/pbkdf2 v1.0.0/go.mod h1:jrpuAogTd400dnrH08LKmI/xc1MbPOebTwRqcT5RDeI=
github.com/xdg-go/scram v1.1.2 h1:FHX5I5B4i4hKRVRBCFRxq1iQRej7WO3hhBuJf+UUySY=
github.com/xdg-go/scram v1.1.2/go.mod h1:RT/sEzTbU5y00aCK8UOx6R7YryM0iF1N2MOmC3kKLN4=
github.com/xdg-go/stringprep v1.0.4 h1:XLI/Ng3O1Atzq0oBs3TWm+5ZVgkq2aqdlvP9JtoZ6c8=
github.com/xdg-go/stringprep v1.0.4/go.mod h1:mPGuuIYwz7CmR2bT9j4GbQqutWS1zV24gijq1dTyGkM=
github.com/youmark/pkcs8 v0.0.0-20181117223130-1be2e3e5546d h1:splanxYIlg+5LfHAM6xpdFEAYOk8iySO56hMFq6uLyA=
github.com/youmark/pkcs8 v0.0.0-20181117223130-1be2e3e5546d/go.mod h1:rHwXgn7JulP+udvsHwJoVG1YGAP6VLg4y9I5dyZdqmA=
github.com/yuin/goldmark v1.4.13/go.mod h1:6yULJ656Px+3vBD8DxQVa3kxgyrAnzto9xy5taEt/CY=
go.mongodb.org/mongo-driver v1.12.1 h1:nLkghSU8fQNaK7oUmDhQFsnrtcoNy7Z6LVFKsEecqgE=
go.mongodb.org/mongo-driver v1.12.1/go.mod h1:/rGBTebI3XYboVmgz+Wv3Bcbl3aD0QF9zl6kDDw18rQ=
golang.org/x/crypto v0.0.0-20190308221718-c2843e01d9a2/go.mod h1:djNgcEr1/C05ACkg1iLfiJU5Ep61QUkGW8qpdssI0+w=
golang.org/x/crypto v0.0.0-20210921155107-089bfa567519/go.mod h1:GvvjBRRGRdwPK5ydBHafDWAxML/pGHZbMvKqRZ5+Abc=
golang.org/x/crypto v0.0.0-20220622213112-05595931fe9d/go.mod h1:IxCIyHEi3zRg3s0A5j5BB6A9Jmi73HwBIUl50j+osU4=
golang.org/x/crypto v0.12.0 h1:tFM/ta59kqch6LlvYnPa0yx5a83cL2nHflFhYKvv9Yk=
golang.org/x/crypto v0.12.0/go.mod h1:NF0Gs7EO5K4qLn+Ylc+fih8BSTeIjAP05siRnAh98yw=
golang.org/x/mod v0.6.0-dev.0.20220419223038-86c51ed26bb4/go.mod h1:jJ57K6gSWd91VN4djpZkiMVwK6gcyfeH4XE8wZrZaV4=
golang.org/x/net v0.0.0-20190311183353-d8887717615a/go.mod h1:t9HGtf8HONx5eT2rtn7q6eTqICYqUVnKs3thJo3Qplg=
golang.org/x/net v0.0.0-20190620200207-3b0461eec859/go.mod h1:z5CRVTTTmAJ677TzLLGU+0bjPO0LkuOLi4/5GtJWs/s=
golang.org/x/net v0.0.0-20210226172049-e18ecbb05110/go.mod h1:m0MpNAwzfU5UDzcl9v0D8zg8gWTRqZa9RBIspLL5mdg=
golang.org/x/net v0.0.0-20211112202133-69e39bad7dc2/go.mod h1:9nx3DQGgdP8bBQD5qxJ1jj9UTztislL4KSBs9R2vV5Y=
golang.org/x/net v0.0.0-20220722155237-a158d28d115b/go.mod h1:XRhObCWvk6IyKnWLug+ECip1KBveYUHfp+8e9klMJ9c=
golang.org/x/net v0.14.0 h1:BONx9s002vGdD9umnlX1Po8vOZmrgH34qlHcD1MfK14=
golang.org/x/net v0.14.0/go.mod h1:PpSgVXXLK0OxS0F31C1/tv6XNguvCrnXIDrFMspZIUI=
golang.org/x/sync v0.0.0-20190423024810-112230192c58/go.mod h1:RxMgew5VJxzue5/jJTE5uejpjVlOe/izrB70Jof72aM=
golang.org/x/sync v0.0.0-20220722155255-886fb9371eb4 h1:uVc8UZUe6tr40fFVnUP5Oj+veunVezqYl9z7DYw9xzw=
golang.org/x/sync v0.0.0-20220722155255-886fb9371eb4/go.mod h1:RxMgew5VJxzue5/jJTE5uejpjVlOe/izrB70Jof72aM=
golang.org/x/sys v0.0.0-20190215142949-d0b11bdaac8a/go.mod h1:STP8DvDyc/dI5b8T5hshtkjS+E42TnysNCUPdjciGhY=
golang.org/x/sys v0.0.0-20201119102817-f84b799fce68/go.mod h1:h1NjWce9XRLGQEsW7wpKNCjG9DtNlClVuFLEZdDNbEs=
golang.org/x/sys v0.0.0-20210423082822-04245dca01da/go.mod h1:h1NjWce9XRLGQEsW7wpKNCjG9DtNlClVuFLEZdDNbEs=
golang.org/x/sys v0.0.0-20210615035016-665e8c7367d1/go.mod h1:oPkhp1MJrh7nUepCBck5+mAzfO9JrbApNNgaTdGDITg=
golang.org/x/sys v0.0.0-20220520151302-bc2c85ada10a/go.mod h1:oPkhp1MJrh7nUepCBck5+mAzfO9JrbApNNgaTdGDITg=
golang.org/x/sys v0.0.0-20220722155257-8c9f86f7a55f/go.mod h1:oPkhp1MJrh7nUepCBck5+mAzfO9JrbApNNgaTdGDITg=
golang.org/x/sys v0.11.0 h1:eG7RXZHdqOJ1i+0lgLgCpSXAp6M3LYlAo6osgSi0xOM=
golang.org/x/sys v0.11.0/go.mod h1:oPkhp1MJrh7nUepCBck5+mAzfO9JrbApNNgaTdGDITg=
golang.org/x/sys v0.13.0 h1:Af8nKPmuFypiUBjVoU9V20FiaFXOcuZI21p0ycVYYGE=
golang.org/x/sys v0.13.0/go.mod h1:oPkhp1MJrh7nUepCBck5+mAzfO9JrbApNNgaTdGDITg=
golang.org/x/term v0.0.0-20201126162022-7de9c90e9dd1/go.mod h1:bj7SfCRtBDWHUb9snDiAeCFNEtKQo2Wmx5Cou7ajbmo=
golang.org/x/term v0.0.0-20210927222741-03fcf44c2211/go.mod h1:jbD1KX2456YbFQfuXm/mYQcufACuNUgVhRMnK/tPxf8=
golang.org/x/text v0.3.0/go.mod h1:NqM8EUOU14njkJ3fqMW+pc6Ldnwhi/IjpwHt7yyuwOQ=
golang.org/x/text v0.3.3/go.mod h1:5Zoc/QRtKVWzQhOtBMvqHzDpF6irO9z98xDceosuGiQ=
golang.org/x/text v0.3.6/go.mod h1:5Zoc/QRtKVWzQhOtBMvqHzDpF6irO9z98xDceosuGiQ=
golang.org/x/text v0.3.7/go.mod h1:u+2+/6zg+i71rQMx5EYifcz6MCKuco9NR6JIITiCfzQ=
golang.org/x/text v0.3.8/go.mod h1:E6s5w1FMmriuDzIBO73fBruAKo1PCIq6d2Q6DHfQ8WQ=
golang.org/x/text v0.7.0/go.mod h1:mrYo+phRRbMaCq/xk9113O4dZlRixOauAjOtrjsXDZ8=
golang.org/x/text v0.12.0 h1:k+n5B8goJNdU7hSvEtMUz3d1Q6D/XW4COJSJR6fN0mc=
golang.org/x/text v0.12.0/go.mod h1:TvPlkZtksWOMsz7fbANvkp4WM8x/WCo/om8BMLbz+aE=
golang.org/x/text v0.13.0 h1:ablQoSUd0tRdKxZewP80B+BaqeKJuVhuRxj/dkrun3k=
golang.org/x/text v0.13.0/go.mod h1:TvPlkZtksWOMsz7fbANvkp4WM8x/WCo/om8BMLbz+aE=
golang.org/x/tools v0.0.0-20180917221912-90fa682c2a6e/go.mod h1:n7NCudcB/nEzxVGmLbDWY5pfWTLqBcC2KZ6jyYvM4mQ=
golang.org/x/tools v0.0.0-20190422233926-fe54fb35175b/go.mod h1:LCzVGOaR6xXOjkQ3onu1FJEFr0SW1gC7cKk1uF8kGRs=
golang.org/x/tools v0.0.0-20191119224855-298f0cb1881e/go.mod h1:b+2E5dAYhXwXZwtnZ6UAqBI28+e2cm9otk0dWdXHAEo=
golang.org/x/tools v0.1.12/go.mod h1:hNGJHUnrk76NpqgfD5Aqm5Crs+Hm0VOH/i9J2+nxYbc=
golang.org/x/xerrors v0.0.0-20190717185122-a985d3407aa7/go.mod h1:I/5z698sn9Ka8TeJc9MKroUUfqBBauWjQqLJ2OPfmY0=
golang.org/x/xerrors v0.0.0-20191204190536-9bdfabe68543/go.mod h1:I/5z698sn9Ka8TeJc9MKroUUfqBBauWjQqLJ2OPfmY0=
google.golang.org/genproto/googleapis/rpc v0.0.0-20230807174057-1744710a1577 h1:wukfNtZmZUurLN/atp2hiIeTKn7QJWIQdHzqmsOnAOk=
google.golang.org/genproto/googleapis/rpc v0.0.0-20230807174057-1744710a1577/go.mod h1:+Bk1OCOj40wS2hwAMA+aCW9ypzm63QTBBHp6lQ3p+9M=
google.golang.org/grpc v1.57.0 h1:kfzNeI/klCGD2YPMUlaGNT3pxvYfga7smW3Vth8Zsiw=
google.golang.org/grpc v1.57.0/go.mod h1:Sd+9RMTACXwmub0zcNY2c4arhtrbBYD1AUHI/dt16Mo=
google.golang.org/protobuf v1.26.0-rc.1/go.mod h1:jlhhOSvTdKEhbULTjvd4ARK9grFBp09yW+WbY/TyQbw=
google.golang.org/protobuf v1.26.0/go.mod h1:9q0QmTI4eRPtz6boOQmLYwt+qCgq0jsYwAQnmE0givc=
google.golang.org/protobuf v1.31.0 h1:g0LDEJHgrBl9N9r17Ru3sqWhkIx2NB67okBHPwC7hs8=
google.golang.org/protobuf v1.31.0/go.mod h1:HV8QOd/L58Z+nl8r43ehVNZIU/HEI6OcFqwMG9pJV4I=
gopkg.in/check.v1 v0.0.0-20161208181325-20d25e280405 h1:yhCVgyC4o1eVCa2tZl7eS0r+SDo693bJlVdllGtEeKM=
gopkg.in/check.v1 v0.0.0-20161208181325-20d25e280405/go.mod h1:Co6ibVJAznAaIkqp8huTwlJQCZ016jof/cbN4VW5Yz0=
gopkg.in/yaml.v3 v3.0.1 h1:fxVm/GzAzEWqLHuvctI91KS9hhNmmWOoWu0XTYJS7CA=
gopkg.in/yaml.v3 v3.0.1/go.mod h1:K4uyk7z7BCEPqu6E+C64Yfv1cQ7kz7rIZviUmN+EgEM=
